// !$*UTF8*$!
{
	archiveVersion = 1;
	classes = {
	};
	objectVersion = 46;
	objects = {

/* Begin PBXBuildFile section */
		3A5358541F5FC50400A0B0A0 /* AppDelegate.swift in Sources */ = {isa = PBXBuildFile; fileRef = 3A5358531F5FC50400A0B0A0 /* AppDelegate.swift */; };
		3A5358561F5FC50400A0B0A0 /* ViewController.swift in Sources */ = {isa = PBXBuildFile; fileRef = 3A5358551F5FC50400A0B0A0 /* ViewController.swift */; };
		3A5358591F5FC50400A0B0A0 /* Main.storyboard in Resources */ = {isa = PBXBuildFile; fileRef = 3A5358571F5FC50400A0B0A0 /* Main.storyboard */; };
		3A53585B1F5FC50400A0B0A0 /* Assets.xcassets in Resources */ = {isa = PBXBuildFile; fileRef = 3A53585A1F5FC50400A0B0A0 /* Assets.xcassets */; };
		3A53585E1F5FC50400A0B0A0 /* LaunchScreen.storyboard in Resources */ = {isa = PBXBuildFile; fileRef = 3A53585C1F5FC50400A0B0A0 /* LaunchScreen.storyboard */; };
		3A53586C1F5FD8DD00A0B0A0 /* TesseractOCR.framework in Frameworks */ = {isa = PBXBuildFile; fileRef = 3A53586B1F5FD8DD00A0B0A0 /* TesseractOCR.framework */; };
		3A53586E1F5FD8E800A0B0A0 /* CoreImage.framework in Frameworks */ = {isa = PBXBuildFile; fileRef = 3A53586D1F5FD8E800A0B0A0 /* CoreImage.framework */; };
		3A5358701F5FD93D00A0B0A0 /* libstdc++.6.0.9.tbd in Frameworks */ = {isa = PBXBuildFile; fileRef = 3A53586F1F5FD93D00A0B0A0 /* libstdc++.6.0.9.tbd */; };
		3A5358721F5FDB4700A0B0A0 /* tessdata in Resources */ = {isa = PBXBuildFile; fileRef = 3A5358711F5FDB4700A0B0A0 /* tessdata */; };
		6866244E0583F72712B5657A /* Pods_TextRecognition.framework in Frameworks */ = {isa = PBXBuildFile; fileRef = 787FE28A78970B7D9B26B538 /* Pods_TextRecognition.framework */; };
/* End PBXBuildFile section */

/* Begin PBXFileReference section */
		346E7937161D1E5B41B50C2B /* Pods-TextRecognition.debug.xcconfig */ = {isa = PBXFileReference; includeInIndex = 1; lastKnownFileType = text.xcconfig; name = "Pods-TextRecognition.debug.xcconfig"; path = "Pods/Target Support Files/Pods-TextRecognition/Pods-TextRecognition.debug.xcconfig"; sourceTree = "<group>"; };
		3A5358501F5FC50400A0B0A0 /* TextRecognition.app */ = {isa = PBXFileReference; explicitFileType = wrapper.application; includeInIndex = 0; path = TextRecognition.app; sourceTree = BUILT_PRODUCTS_DIR; };
		3A5358531F5FC50400A0B0A0 /* AppDelegate.swift */ = {isa = PBXFileReference; lastKnownFileType = sourcecode.swift; path = AppDelegate.swift; sourceTree = "<group>"; };
		3A5358551F5FC50400A0B0A0 /* ViewController.swift */ = {isa = PBXFileReference; lastKnownFileType = sourcecode.swift; path = ViewController.swift; sourceTree = "<group>"; };
		3A5358581F5FC50400A0B0A0 /* Base */ = {isa = PBXFileReference; lastKnownFileType = file.storyboard; name = Base; path = Base.lproj/Main.storyboard; sourceTree = "<group>"; };
		3A53585A1F5FC50400A0B0A0 /* Assets.xcassets */ = {isa = PBXFileReference; lastKnownFileType = folder.assetcatalog; path = Assets.xcassets; sourceTree = "<group>"; };
		3A53585D1F5FC50400A0B0A0 /* Base */ = {isa = PBXFileReference; lastKnownFileType = file.storyboard; name = Base; path = Base.lproj/LaunchScreen.storyboard; sourceTree = "<group>"; };
		3A53585F1F5FC50400A0B0A0 /* Info.plist */ = {isa = PBXFileReference; lastKnownFileType = text.plist.xml; path = Info.plist; sourceTree = "<group>"; };
		3A53586B1F5FD8DD00A0B0A0 /* TesseractOCR.framework */ = {isa = PBXFileReference; lastKnownFileType = wrapper.framework; name = TesseractOCR.framework; path = "../../Library/Developer/Xcode/DerivedData/TextRecognition-goenrdrqhkjluveljcfqcstykvof/Build/Products/Debug-iphonesimulator/TesseractOCRiOS/TesseractOCR.framework"; sourceTree = "<group>"; };
		3A53586D1F5FD8E800A0B0A0 /* CoreImage.framework */ = {isa = PBXFileReference; lastKnownFileType = wrapper.framework; name = CoreImage.framework; path = System/Library/Frameworks/CoreImage.framework; sourceTree = SDKROOT; };
		3A53586F1F5FD93D00A0B0A0 /* libstdc++.6.0.9.tbd */ = {isa = PBXFileReference; lastKnownFileType = "sourcecode.text-based-dylib-definition"; name = "libstdc++.6.0.9.tbd"; path = "usr/lib/libstdc++.6.0.9.tbd"; sourceTree = SDKROOT; };
		3A5358711F5FDB4700A0B0A0 /* tessdata */ = {isa = PBXFileReference; lastKnownFileType = folder; path = tessdata; sourceTree = "<group>"; };
		787FE28A78970B7D9B26B538 /* Pods_TextRecognition.framework */ = {isa = PBXFileReference; explicitFileType = wrapper.framework; includeInIndex = 0; path = Pods_TextRecognition.framework; sourceTree = BUILT_PRODUCTS_DIR; };
		AAC83E02E071E125A9947E9A /* Pods-TextRecognition.release.xcconfig */ = {isa = PBXFileReference; includeInIndex = 1; lastKnownFileType = text.xcconfig; name = "Pods-TextRecognition.release.xcconfig"; path = "Pods/Target Support Files/Pods-TextRecognition/Pods-TextRecognition.release.xcconfig"; sourceTree = "<group>"; };
/* End PBXFileReference section */

/* Begin PBXFrameworksBuildPhase section */
		3A53584D1F5FC50400A0B0A0 /* Frameworks */ = {
			isa = PBXFrameworksBuildPhase;
			buildActionMask = 2147483647;
			files = (
				3A5358701F5FD93D00A0B0A0 /* libstdc++.6.0.9.tbd in Frameworks */,
				3A53586E1F5FD8E800A0B0A0 /* CoreImage.framework in Frameworks */,
				3A53586C1F5FD8DD00A0B0A0 /* TesseractOCR.framework in Frameworks */,
				6866244E0583F72712B5657A /* Pods_TextRecognition.framework in Frameworks */,
			);
			runOnlyForDeploymentPostprocessing = 0;
		};
/* End PBXFrameworksBuildPhase section */

/* Begin PBXGroup section */
		0869098F5F0AF5E2ED2835AE /* Frameworks */ = {
			isa = PBXGroup;
			children = (
				3A53586F1F5FD93D00A0B0A0 /* libstdc++.6.0.9.tbd */,
				3A53586D1F5FD8E800A0B0A0 /* CoreImage.framework */,
				3A53586B1F5FD8DD00A0B0A0 /* TesseractOCR.framework */,
				787FE28A78970B7D9B26B538 /* Pods_TextRecognition.framework */,
			);
			name = Frameworks;
			sourceTree = "<group>";
		};
		3A5358471F5FC50400A0B0A0 = {
			isa = PBXGroup;
			children = (
				3A5358711F5FDB4700A0B0A0 /* tessdata */,
				3A5358521F5FC50400A0B0A0 /* TextRecognition */,
				3A5358511F5FC50400A0B0A0 /* Products */,
				8E66A10A792BA85466514CDA /* Pods */,
				0869098F5F0AF5E2ED2835AE /* Frameworks */,
			);
			sourceTree = "<group>";
		};
		3A5358511F5FC50400A0B0A0 /* Products */ = {
			isa = PBXGroup;
			children = (
				3A5358501F5FC50400A0B0A0 /* TextRecognition.app */,
			);
			name = Products;
			sourceTree = "<group>";
		};
		3A5358521F5FC50400A0B0A0 /* TextRecognition */ = {
			isa = PBXGroup;
			children = (
				3A5358531F5FC50400A0B0A0 /* AppDelegate.swift */,
				3A5358551F5FC50400A0B0A0 /* ViewController.swift */,
				3A5358571F5FC50400A0B0A0 /* Main.storyboard */,
				3A53585A1F5FC50400A0B0A0 /* Assets.xcassets */,
				3A53585C1F5FC50400A0B0A0 /* LaunchScreen.storyboard */,
				3A53585F1F5FC50400A0B0A0 /* Info.plist */,
			);
			path = TextRecognition;
			sourceTree = "<group>";
		};
		8E66A10A792BA85466514CDA /* Pods */ = {
			isa = PBXGroup;
			children = (
				346E7937161D1E5B41B50C2B /* Pods-TextRecognition.debug.xcconfig */,
				AAC83E02E071E125A9947E9A /* Pods-TextRecognition.release.xcconfig */,
			);
			name = Pods;
			sourceTree = "<group>";
		};
/* End PBXGroup section */

/* Begin PBXNativeTarget section */
		3A53584F1F5FC50400A0B0A0 /* TextRecognition */ = {
			isa = PBXNativeTarget;
			buildConfigurationList = 3A5358621F5FC50400A0B0A0 /* Build configuration list for PBXNativeTarget "TextRecognition" */;
			buildPhases = (
				FE202320942D3EA559CC5CCE /* [CP] Check Pods Manifest.lock */,
				3A53584C1F5FC50400A0B0A0 /* Sources */,
				3A53584D1F5FC50400A0B0A0 /* Frameworks */,
				3A53584E1F5FC50400A0B0A0 /* Resources */,
				6F3EB5B178D785D5436094EE /* [CP] Embed Pods Frameworks */,
				8AC232B69A857F8E8CC0B4CB /* [CP] Copy Pods Resources */,
			);
			buildRules = (
			);
			dependencies = (
			);
			name = TextRecognition;
			productName = TextRecognition;
			productReference = 3A5358501F5FC50400A0B0A0 /* TextRecognition.app */;
			productType = "com.apple.product-type.application";
		};
/* End PBXNativeTarget section */

/* Begin PBXProject section */
		3A5358481F5FC50400A0B0A0 /* Project object */ = {
			isa = PBXProject;
			attributes = {
				LastSwiftUpdateCheck = 0830;
				LastUpgradeCheck = 0830;
				ORGANIZATIONNAME = clicklabs;
				TargetAttributes = {
					3A53584F1F5FC50400A0B0A0 = {
						CreatedOnToolsVersion = 8.3.3;
						ProvisioningStyle = Automatic;
					};
				};
			};
			buildConfigurationList = 3A53584B1F5FC50400A0B0A0 /* Build configuration list for PBXProject "TextRecognition" */;
			compatibilityVersion = "Xcode 3.2";
			developmentRegion = English;
			hasScannedForEncodings = 0;
			knownRegions = (
				en,
				Base,
			);
			mainGroup = 3A5358471F5FC50400A0B0A0;
			productRefGroup = 3A5358511F5FC50400A0B0A0 /* Products */;
			projectDirPath = "";
			projectRoot = "";
			targets = (
				3A53584F1F5FC50400A0B0A0 /* TextRecognition */,
			);
		};
/* End PBXProject section */

/* Begin PBXResourcesBuildPhase section */
		3A53584E1F5FC50400A0B0A0 /* Resources */ = {
			isa = PBXResourcesBuildPhase;
			buildActionMask = 2147483647;
			files = (
				3A53585E1F5FC50400A0B0A0 /* LaunchScreen.storyboard in Resources */,
				3A5358721F5FDB4700A0B0A0 /* tessdata in Resources */,
				3A53585B1F5FC50400A0B0A0 /* Assets.xcassets in Resources */,
				3A5358591F5FC50400A0B0A0 /* Main.storyboard in Resources */,
			);
			runOnlyForDeploymentPostprocessing = 0;
		};
/* End PBXResourcesBuildPhase section */

/* Begin PBXShellScriptBuildPhase section */
		6F3EB5B178D785D5436094EE /* [CP] Embed Pods Frameworks */ = {
			isa = PBXShellScriptBuildPhase;
			buildActionMask = 2147483647;
			files = (
			);
			inputPaths = (
				"${SRCROOT}/Pods/Target Support Files/Pods-TextRecognition/Pods-TextRecognition-frameworks.sh",
				"${BUILT_PRODUCTS_DIR}/TesseractOCRiOS/TesseractOCR.framework",
			);
			name = "[CP] Embed Pods Frameworks";
			outputPaths = (
				"${TARGET_BUILD_DIR}/${FRAMEWORKS_FOLDER_PATH}/TesseractOCR.framework",
			);
			runOnlyForDeploymentPostprocessing = 0;
			shellPath = /bin/sh;
			shellScript = "\"${SRCROOT}/Pods/Target Support Files/Pods-TextRecognition/Pods-TextRecognition-frameworks.sh\"\n";
			showEnvVarsInLog = 0;
		};
		8AC232B69A857F8E8CC0B4CB /* [CP] Copy Pods Resources */ = {
			isa = PBXShellScriptBuildPhase;
			buildActionMask = 2147483647;
			files = (
			);
			inputPaths = (
			);
			name = "[CP] Copy Pods Resources";
			outputPaths = (
			);
			runOnlyForDeploymentPostprocessing = 0;
			shellPath = /bin/sh;
			shellScript = "\"${SRCROOT}/Pods/Target Support Files/Pods-TextRecognition/Pods-TextRecognition-resources.sh\"\n";
			showEnvVarsInLog = 0;
		};
		FE202320942D3EA559CC5CCE /* [CP] Check Pods Manifest.lock */ = {
			isa = PBXShellScriptBuildPhase;
			buildActionMask = 2147483647;
			files = (
			);
			inputPaths = (
				"${PODS_PODFILE_DIR_PATH}/Podfile.lock",
				"${PODS_ROOT}/Manifest.lock",
			);
			name = "[CP] Check Pods Manifest.lock";
			outputPaths = (
				"$(DERIVED_FILE_DIR)/Pods-TextRecognition-checkManifestLockResult.txt",
			);
			runOnlyForDeploymentPostprocessing = 0;
			shellPath = /bin/sh;
			shellScript = "diff \"${PODS_PODFILE_DIR_PATH}/Podfile.lock\" \"${PODS_ROOT}/Manifest.lock\" > /dev/null\nif [ $? != 0 ] ; then\n    # print error to STDERR\n    echo \"error: The sandbox is not in sync with the Podfile.lock. Run 'pod install' or update your CocoaPods installation.\" >&2\n    exit 1\nfi\n# This output is used by Xcode 'outputs' to avoid re-running this script phase.\necho \"SUCCESS\" > \"${SCRIPT_OUTPUT_FILE_0}\"\n";
			showEnvVarsInLog = 0;
		};
/* End PBXShellScriptBuildPhase section */

/* Begin PBXSourcesBuildPhase section */
		3A53584C1F5FC50400A0B0A0 /* Sources */ = {
			isa = PBXSourcesBuildPhase;
			buildActionMask = 2147483647;
			files = (
				3A5358561F5FC50400A0B0A0 /* ViewController.swift in Sources */,
				3A5358541F5FC50400A0B0A0 /* AppDelegate.swift in Sources */,
			);
			runOnlyForDeploymentPostprocessing = 0;
		};
/* End PBXSourcesBuildPhase section */

/* Begin PBXVariantGroup section */
		3A5358571F5FC50400A0B0A0 /* Main.storyboard */ = {
			isa = PBXVariantGroup;
			children = (
				3A5358581F5FC50400A0B0A0 /* Base */,
			);
			name = Main.storyboard;
			sourceTree = "<group>";
		};
		3A53585C1F5FC50400A0B0A0 /* LaunchScreen.storyboard */ = {
			isa = PBXVariantGroup;
			children = (
				3A53585D1F5FC50400A0B0A0 /* Base */,
			);
			name = LaunchScreen.storyboard;
			sourceTree = "<group>";
		};
/* End PBXVariantGroup section */

/* Begin XCBuildConfiguration section */
		3A5358601F5FC50400A0B0A0 /* Debug */ = {
			isa = XCBuildConfiguration;
			buildSettings = {
				ALWAYS_SEARCH_USER_PATHS = NO;
				CLANG_ANALYZER_NONNULL = YES;
				CLANG_ANALYZER_NUMBER_OBJECT_CONVERSION = YES_AGGRESSIVE;
				CLANG_CXX_LANGUAGE_STANDARD = "gnu++0x";
				CLANG_CXX_LIBRARY = "libc++";
				CLANG_ENABLE_MODULES = YES;
				CLANG_ENABLE_OBJC_ARC = YES;
				CLANG_WARN_BOOL_CONVERSION = YES;
				CLANG_WARN_CONSTANT_CONVERSION = YES;
				CLANG_WARN_DIRECT_OBJC_ISA_USAGE = YES_ERROR;
				CLANG_WARN_DOCUMENTATION_COMMENTS = YES;
				CLANG_WARN_EMPTY_BODY = YES;
				CLANG_WARN_ENUM_CONVERSION = YES;
				CLANG_WARN_INFINITE_RECURSION = YES;
				CLANG_WARN_INT_CONVERSION = YES;
				CLANG_WARN_OBJC_ROOT_CLASS = YES_ERROR;
				CLANG_WARN_SUSPICIOUS_MOVE = YES;
				CLANG_WARN_UNREACHABLE_CODE = YES;
				CLANG_WARN__DUPLICATE_METHOD_MATCH = YES;
				"CODE_SIGN_IDENTITY[sdk=iphoneos*]" = "iPhone Developer";
				COPY_PHASE_STRIP = NO;
				DEBUG_INFORMATION_FORMAT = dwarf;
				ENABLE_BITCODE = NO;
				ENABLE_STRICT_OBJC_MSGSEND = YES;
				ENABLE_TESTABILITY = YES;
				GCC_C_LANGUAGE_STANDARD = gnu99;
				GCC_DYNAMIC_NO_PIC = NO;
				GCC_NO_COMMON_BLOCKS = YES;
				GCC_OPTIMIZATION_LEVEL = 0;
				GCC_PREPROCESSOR_DEFINITIONS = (
					"DEBUG=1",
					"$(inherited)",
				);
				GCC_WARN_64_TO_32_BIT_CONVERSION = YES;
				GCC_WARN_ABOUT_RETURN_TYPE = YES_ERROR;
				GCC_WARN_UNDECLARED_SELECTOR = YES;
				GCC_WARN_UNINITIALIZED_AUTOS = YES_AGGRESSIVE;
				GCC_WARN_UNUSED_FUNCTION = YES;
				GCC_WARN_UNUSED_VARIABLE = YES;
				IPHONEOS_DEPLOYMENT_TARGET = 10.3;
				MTL_ENABLE_DEBUG_INFO = YES;
				ONLY_ACTIVE_ARCH = YES;
				SDKROOT = iphoneos;
				SWIFT_ACTIVE_COMPILATION_CONDITIONS = DEBUG;
				SWIFT_OPTIMIZATION_LEVEL = "-Onone";
				TARGETED_DEVICE_FAMILY = "1,2";
			};
			name = Debug;
		};
		3A5358611F5FC50400A0B0A0 /* Release */ = {
			isa = XCBuildConfiguration;
			buildSettings = {
				ALWAYS_SEARCH_USER_PATHS = NO;
				CLANG_ANALYZER_NONNULL = YES;
				CLANG_ANALYZER_NUMBER_OBJECT_CONVERSION = YES_AGGRESSIVE;
				CLANG_CXX_LANGUAGE_STANDARD = "gnu++0x";
				CLANG_CXX_LIBRARY = "libc++";
				CLANG_ENABLE_MODULES = YES;
				CLANG_ENABLE_OBJC_ARC = YES;
				CLANG_WARN_BOOL_CONVERSION = YES;
				CLANG_WARN_CONSTANT_CONVERSION = YES;
				CLANG_WARN_DIRECT_OBJC_ISA_USAGE = YES_ERROR;
				CLANG_WARN_DOCUMENTATION_COMMENTS = YES;
				CLANG_WARN_EMPTY_BODY = YES;
				CLANG_WARN_ENUM_CONVERSION = YES;
				CLANG_WARN_INFINITE_RECURSION = YES;
				CLANG_WARN_INT_CONVERSION = YES;
				CLANG_WARN_OBJC_ROOT_CLASS = YES_ERROR;
				CLANG_WARN_SUSPICIOUS_MOVE = YES;
				CLANG_WARN_UNREACHABLE_CODE = YES;
				CLANG_WARN__DUPLICATE_METHOD_MATCH = YES;
				"CODE_SIGN_IDENTITY[sdk=iphoneos*]" = "iPhone Developer";
				COPY_PHASE_STRIP = NO;
				DEBUG_INFORMATION_FORMAT = "dwarf-with-dsym";
				ENABLE_BITCODE = NO;
				ENABLE_NS_ASSERTIONS = NO;
				ENABLE_STRICT_OBJC_MSGSEND = YES;
				GCC_C_LANGUAGE_STANDARD = gnu99;
				GCC_NO_COMMON_BLOCKS = YES;
				GCC_WARN_64_TO_32_BIT_CONVERSION = YES;
				GCC_WARN_ABOUT_RETURN_TYPE = YES_ERROR;
				GCC_WARN_UNDECLARED_SELECTOR = YES;
				GCC_WARN_UNINITIALIZED_AUTOS = YES_AGGRESSIVE;
				GCC_WARN_UNUSED_FUNCTION = YES;
				GCC_WARN_UNUSED_VARIABLE = YES;
				IPHONEOS_DEPLOYMENT_TARGET = 10.3;
				MTL_ENABLE_DEBUG_INFO = NO;
				SDKROOT = iphoneos;
				SWIFT_OPTIMIZATION_LEVEL = "-Owholemodule";
				TARGETED_DEVICE_FAMILY = "1,2";
				VALIDATE_PRODUCT = YES;
			};
			name = Release;
		};
		3A5358631F5FC50400A0B0A0 /* Debug */ = {
			isa = XCBuildConfiguration;
			baseConfigurationReference = 346E7937161D1E5B41B50C2B /* Pods-TextRecognition.debug.xcconfig */;
			buildSettings = {
				ASSETCATALOG_COMPILER_APPICON_NAME = AppIcon;
				ENABLE_BITCODE = NO;
				INFOPLIST_FILE = TextRecognition/Info.plist;
				LD_RUNPATH_SEARCH_PATHS = "$(inherited) @executable_path/Frameworks";
				PRODUCT_BUNDLE_IDENTIFIER = com.clicklabs.TextRecognition;
				PRODUCT_NAME = "$(TARGET_NAME)";
				SWIFT_VERSION = 3.0;
			};
			name = Debug;
		};
		3A5358641F5FC50400A0B0A0 /* Release */ = {
			isa = XCBuildConfiguration;
			baseConfigurationReference = AAC83E02E071E125A9947E9A /* Pods-TextRecognition.release.xcconfig */;
			buildSettings = {
				ASSETCATALOG_COMPILER_APPICON_NAME = AppIcon;
				ENABLE_BITCODE = NO;
				INFOPLIST_FILE = TextRecognition/Info.plist;
				LD_RUNPATH_SEARCH_PATHS = "$(inherited) @executable_path/Frameworks";
				PRODUCT_BUNDLE_IDENTIFIER = com.clicklabs.TextRecognition;
				PRODUCT_NAME = "$(TARGET_NAME)";
				SWIFT_VERSION = 3.0;
			};
			name = Release;
		};
/* End XCBuildConfiguration section */

/* Begin XCConfigurationList section */
		3A53584B1F5FC50400A0B0A0 /* Build configuration list for PBXProject "TextRecognition" */ = {
			isa = XCConfigurationList;
			buildConfigurations = (
				3A5358601F5FC50400A0B0A0 /* Debug */,
				3A5358611F5FC50400A0B0A0 /* Release */,
			);
			defaultConfigurationIsVisible = 0;
			defaultConfigurationName = Release;
		};
		3A5358621F5FC50400A0B0A0 /* Build configuration list for PBXNativeTarget "TextRecognition" */ = {
			isa = XCConfigurationList;
			buildConfigurations = (
				3A5358631F5FC50400A0B0A0 /* Debug */,
				3A5358641F5FC50400A0B0A0 /* Release */,
			);
			defaultConfigurationIsVisible = 0;
			defaultConfigurationName = Release;
		};
/* End XCConfigurationList section */
	};
	rootObject = 3A5358481F5FC50400A0B0A0 /* Project object */;
}
